
Microsoft Visual Studio Solution File, Format Version 12.00
# Visual Studio 15
VisualStudioVersion = 15.0.26124.0
MinimumVisualStudioVersion = 15.0.26124.0
Project("{2150E333-8FDC-42A3-9474-1A3956D46DE8}") = "Code", "Code", "{512DE3D1-B105-478A-B459-797872417E46}"
EndProject
Project("{FAE04EC0-301F-11D3-BF4B-00C04F79EFBC}") = "DotnetMsSqlMRA.Api", "Code\DotnetMsSqlMRA.Api\DotnetMsSqlMRA.Api.csproj", "{A513D209-9426-4047-AE26-774B3F045573}"
EndProject
Project("{FAE04EC0-301F-11D3-BF4B-00C04F79EFBC}") = "DotnetMsSqlMRA.Business", "Code\DotnetMsSqlMRA.Business\DotnetMsSqlMRA.Business.csproj", "{BA0239C1-6A19-4F12-BB07-4E0EB598BE15}"
EndProject
Project("{FAE04EC0-301F-11D3-BF4B-00C04F79EFBC}") = "DotnetMsSqlMRA.Data", "Code\DotnetMsSqlMRA.Data\DotnetMsSqlMRA.Data.csproj", "{F1059CF7-4DAA-47D0-A18A-A7E12729B8FF}"
EndProject
Project("{FAE04EC0-301F-11D3-BF4B-00C04F79EFBC}") = "DotnetMsSqlMRA.Entities", "Code\DotnetMsSqlMRA.Entities\DotnetMsSqlMRA.Entities.csproj", "{52CDDA98-AB57-40C6-A2A3-428FE3EF9848}"
EndProject
Project("{FAE04EC0-301F-11D3-BF4B-00C04F79EFBC}") = "DotnetMsSqlMRA.Test.Api", "Code\DotnetMsSqlMRA.Test.Api\DotnetMsSqlMRA.Test.Api.csproj", "{FD47FF7F-FADE-4C7F-888F-C171470F9E89}"
EndProject
Project("{FAE04EC0-301F-11D3-BF4B-00C04F79EFBC}") = "DotnetMsSqlMRA.Test.Business", "Code\DotnetMsSqlMRA.Test.Business\DotnetMsSqlMRA.Test.Business.csproj", "{117F57D7-3819-42EC-A13D-846F443595C5}"
EndProject
Project("{FAE04EC0-301F-11D3-BF4B-00C04F79EFBC}") = "DotnetMsSqlMRA.Test.Framework", "Code\DotnetMsSqlMRA.Test.Framework\DotnetMsSqlMRA.Test.Framework.csproj", "{AC98110C-39FF-4916-BD97-E4B02B9042E3}"
EndProject
Project("{2150E333-8FDC-42A3-9474-1A3956D46DE8}") = "Test", "Test", "{A251F71A-1EF2-49FE-B5D1-288A38B93092}"
EndProject
Global
	GlobalSection(SolutionConfigurationPlatforms) = preSolution
		Debug|Any CPU = Debug|Any CPU
		Debug|x64 = Debug|x64
		Debug|x86 = Debug|x86
		Release|Any CPU = Release|Any CPU
		Release|x64 = Release|x64
		Release|x86 = Release|x86
	EndGlobalSection
	GlobalSection(SolutionProperties) = preSolution
		HideSolutionNode = FALSE
	EndGlobalSection
	GlobalSection(ProjectConfigurationPlatforms) = postSolution
		{A513D209-9426-4047-AE26-774B3F045573}.Debug|Any CPU.ActiveCfg = Debug|Any CPU
		{A513D209-9426-4047-AE26-774B3F045573}.Debug|Any CPU.Build.0 = Debug|Any CPU
		{A513D209-9426-4047-AE26-774B3F045573}.Debug|x64.ActiveCfg = Debug|Any CPU
		{A513D209-9426-4047-AE26-774B3F045573}.Debug|x64.Build.0 = Debug|Any CPU
		{A513D209-9426-4047-AE26-774B3F045573}.Debug|x86.ActiveCfg = Debug|Any CPU
		{A513D209-9426-4047-AE26-774B3F045573}.Debug|x86.Build.0 = Debug|Any CPU
		{A513D209-9426-4047-AE26-774B3F045573}.Release|Any CPU.ActiveCfg = Release|Any CPU
		{A513D209-9426-4047-AE26-774B3F045573}.Release|Any CPU.Build.0 = Release|Any CPU
		{A513D209-9426-4047-AE26-774B3F045573}.Release|x64.ActiveCfg = Release|Any CPU
		{A513D209-9426-4047-AE26-774B3F045573}.Release|x64.Build.0 = Release|Any CPU
		{A513D209-9426-4047-AE26-774B3F045573}.Release|x86.ActiveCfg = Release|Any CPU
		{A513D209-9426-4047-AE26-774B3F045573}.Release|x86.Build.0 = Release|Any CPU
		{BA0239C1-6A19-4F12-BB07-4E0EB598BE15}.Debug|Any CPU.ActiveCfg = Debug|Any CPU
		{BA0239C1-6A19-4F12-BB07-4E0EB598BE15}.Debug|Any CPU.Build.0 = Debug|Any CPU
		{BA0239C1-6A19-4F12-BB07-4E0EB598BE15}.Debug|x64.ActiveCfg = Debug|Any CPU
		{BA0239C1-6A19-4F12-BB07-4E0EB598BE15}.Debug|x64.Build.0 = Debug|Any CPU
		{BA0239C1-6A19-4F12-BB07-4E0EB598BE15}.Debug|x86.ActiveCfg = Debug|Any CPU
		{BA0239C1-6A19-4F12-BB07-4E0EB598BE15}.Debug|x86.Build.0 = Debug|Any CPU
		{BA0239C1-6A19-4F12-BB07-4E0EB598BE15}.Release|Any CPU.ActiveCfg = Release|Any CPU
		{BA0239C1-6A19-4F12-BB07-4E0EB598BE15}.Release|Any CPU.Build.0 = Release|Any CPU
		{BA0239C1-6A19-4F12-BB07-4E0EB598BE15}.Release|x64.ActiveCfg = Release|Any CPU
		{BA0239C1-6A19-4F12-BB07-4E0EB598BE15}.Release|x64.Build.0 = Release|Any CPU
		{BA0239C1-6A19-4F12-BB07-4E0EB598BE15}.Release|x86.ActiveCfg = Release|Any CPU
		{BA0239C1-6A19-4F12-BB07-4E0EB598BE15}.Release|x86.Build.0 = Release|Any CPU
		{F1059CF7-4DAA-47D0-A18A-A7E12729B8FF}.Debug|Any CPU.ActiveCfg = Debug|Any CPU
		{F1059CF7-4DAA-47D0-A18A-A7E12729B8FF}.Debug|Any CPU.Build.0 = Debug|Any CPU
		{F1059CF7-4DAA-47D0-A18A-A7E12729B8FF}.Debug|x64.ActiveCfg = Debug|Any CPU
		{F1059CF7-4DAA-47D0-A18A-A7E12729B8FF}.Debug|x64.Build.0 = Debug|Any CPU
		{F1059CF7-4DAA-47D0-A18A-A7E12729B8FF}.Debug|x86.ActiveCfg = Debug|Any CPU
		{F1059CF7-4DAA-47D0-A18A-A7E12729B8FF}.Debug|x86.Build.0 = Debug|Any CPU
		{F1059CF7-4DAA-47D0-A18A-A7E12729B8FF}.Release|Any CPU.ActiveCfg = Release|Any CPU
		{F1059CF7-4DAA-47D0-A18A-A7E12729B8FF}.Release|Any CPU.Build.0 = Release|Any CPU
		{F1059CF7-4DAA-47D0-A18A-A7E12729B8FF}.Release|x64.ActiveCfg = Release|Any CPU
		{F1059CF7-4DAA-47D0-A18A-A7E12729B8FF}.Release|x64.Build.0 = Release|Any CPU
		{F1059CF7-4DAA-47D0-A18A-A7E12729B8FF}.Release|x86.ActiveCfg = Release|Any CPU
		{F1059CF7-4DAA-47D0-A18A-A7E12729B8FF}.Release|x86.Build.0 = Release|Any CPU
		{52CDDA98-AB57-40C6-A2A3-428FE3EF9848}.Debug|Any CPU.ActiveCfg = Debug|Any CPU
		{52CDDA98-AB57-40C6-A2A3-428FE3EF9848}.Debug|Any CPU.Build.0 = Debug|Any CPU
		{52CDDA98-AB57-40C6-A2A3-428FE3EF9848}.Debug|x64.ActiveCfg = Debug|Any CPU
		{52CDDA98-AB57-40C6-A2A3-428FE3EF9848}.Debug|x64.Build.0 = Debug|Any CPU
		{52CDDA98-AB57-40C6-A2A3-428FE3EF9848}.Debug|x86.ActiveCfg = Debug|Any CPU
		{52CDDA98-AB57-40C6-A2A3-428FE3EF9848}.Debug|x86.Build.0 = Debug|Any CPU
		{52CDDA98-AB57-40C6-A2A3-428FE3EF9848}.Release|Any CPU.ActiveCfg = Release|Any CPU
		{52CDDA98-AB57-40C6-A2A3-428FE3EF9848}.Release|Any CPU.Build.0 = Release|Any CPU
		{52CDDA98-AB57-40C6-A2A3-428FE3EF9848}.Release|x64.ActiveCfg = Release|Any CPU
		{52CDDA98-AB57-40C6-A2A3-428FE3EF9848}.Release|x64.Build.0 = Release|Any CPU
		{52CDDA98-AB57-40C6-A2A3-428FE3EF9848}.Release|x86.ActiveCfg = Release|Any CPU
		{52CDDA98-AB57-40C6-A2A3-428FE3EF9848}.Release|x86.Build.0 = Release|Any CPU
		{FD47FF7F-FADE-4C7F-888F-C171470F9E89}.Debug|Any CPU.ActiveCfg = Debug|Any CPU
		{FD47FF7F-FADE-4C7F-888F-C171470F9E89}.Debug|Any CPU.Build.0 = Debug|Any CPU
		{FD47FF7F-FADE-4C7F-888F-C171470F9E89}.Debug|x64.ActiveCfg = Debug|Any CPU
		{FD47FF7F-FADE-4C7F-888F-C171470F9E89}.Debug|x64.Build.0 = Debug|Any CPU
		{FD47FF7F-FADE-4C7F-888F-C171470F9E89}.Debug|x86.ActiveCfg = Debug|Any CPU
		{FD47FF7F-FADE-4C7F-888F-C171470F9E89}.Debug|x86.Build.0 = Debug|Any CPU
		{FD47FF7F-FADE-4C7F-888F-C171470F9E89}.Release|Any CPU.ActiveCfg = Release|Any CPU
		{FD47FF7F-FADE-4C7F-888F-C171470F9E89}.Release|Any CPU.Build.0 = Release|Any CPU
		{FD47FF7F-FADE-4C7F-888F-C171470F9E89}.Release|x64.ActiveCfg = Release|Any CPU
		{FD47FF7F-FADE-4C7F-888F-C171470F9E89}.Release|x64.Build.0 = Release|Any CPU
		{FD47FF7F-FADE-4C7F-888F-C171470F9E89}.Release|x86.ActiveCfg = Release|Any CPU
		{FD47FF7F-FADE-4C7F-888F-C171470F9E89}.Release|x86.Build.0 = Release|Any CPU
		{117F57D7-3819-42EC-A13D-846F443595C5}.Debug|Any CPU.ActiveCfg = Debug|Any CPU
		{117F57D7-3819-42EC-A13D-846F443595C5}.Debug|Any CPU.Build.0 = Debug|Any CPU
		{117F57D7-3819-42EC-A13D-846F443595C5}.Debug|x64.ActiveCfg = Debug|Any CPU
		{117F57D7-3819-42EC-A13D-846F443595C5}.Debug|x64.Build.0 = Debug|Any CPU
		{117F57D7-3819-42EC-A13D-846F443595C5}.Debug|x86.ActiveCfg = Debug|Any CPU
		{117F57D7-3819-42EC-A13D-846F443595C5}.Debug|x86.Build.0 = Debug|Any CPU
		{117F57D7-3819-42EC-A13D-846F443595C5}.Release|Any CPU.ActiveCfg = Release|Any CPU
		{117F57D7-3819-42EC-A13D-846F443595C5}.Release|Any CPU.Build.0 = Release|Any CPU
		{117F57D7-3819-42EC-A13D-846F443595C5}.Release|x64.ActiveCfg = Release|Any CPU
		{117F57D7-3819-42EC-A13D-846F443595C5}.Release|x64.Build.0 = Release|Any CPU
		{117F57D7-3819-42EC-A13D-846F443595C5}.Release|x86.ActiveCfg = Release|Any CPU
		{117F57D7-3819-42EC-A13D-846F443595C5}.Release|x86.Build.0 = Release|Any CPU
		{AC98110C-39FF-4916-BD97-E4B02B9042E3}.Debug|Any CPU.ActiveCfg = Debug|Any CPU
		{AC98110C-39FF-4916-BD97-E4B02B9042E3}.Debug|Any CPU.Build.0 = Debug|Any CPU
		{AC98110C-39FF-4916-BD97-E4B02B9042E3}.Debug|x64.ActiveCfg = Debug|Any CPU
		{AC98110C-39FF-4916-BD97-E4B02B9042E3}.Debug|x64.Build.0 = Debug|Any CPU
		{AC98110C-39FF-4916-BD97-E4B02B9042E3}.Debug|x86.ActiveCfg = Debug|Any CPU
		{AC98110C-39FF-4916-BD97-E4B02B9042E3}.Debug|x86.Build.0 = Debug|Any CPU
		{AC98110C-39FF-4916-BD97-E4B02B9042E3}.Release|Any CPU.ActiveCfg = Release|Any CPU
		{AC98110C-39FF-4916-BD97-E4B02B9042E3}.Release|Any CPU.Build.0 = Release|Any CPU
		{AC98110C-39FF-4916-BD97-E4B02B9042E3}.Release|x64.ActiveCfg = Release|Any CPU
		{AC98110C-39FF-4916-BD97-E4B02B9042E3}.Release|x64.Build.0 = Release|Any CPU
		{AC98110C-39FF-4916-BD97-E4B02B9042E3}.Release|x86.ActiveCfg = Release|Any CPU
		{AC98110C-39FF-4916-BD97-E4B02B9042E3}.Release|x86.Build.0 = Release|Any CPU
	EndGlobalSection
	GlobalSection(NestedProjects) = preSolution
		{A513D209-9426-4047-AE26-774B3F045573} = {512DE3D1-B105-478A-B459-797872417E46}
		{BA0239C1-6A19-4F12-BB07-4E0EB598BE15} = {512DE3D1-B105-478A-B459-797872417E46}
		{F1059CF7-4DAA-47D0-A18A-A7E12729B8FF} = {512DE3D1-B105-478A-B459-797872417E46}
		{52CDDA98-AB57-40C6-A2A3-428FE3EF9848} = {512DE3D1-B105-478A-B459-797872417E46}
		{FD47FF7F-FADE-4C7F-888F-C171470F9E89} = {A251F71A-1EF2-49FE-B5D1-288A38B93092}
		{117F57D7-3819-42EC-A13D-846F443595C5} = {A251F71A-1EF2-49FE-B5D1-288A38B93092}
		{AC98110C-39FF-4916-BD97-E4B02B9042E3} = {A251F71A-1EF2-49FE-B5D1-288A38B93092}
	EndGlobalSection
EndGlobal
